
Microsoft Visual Studio Solution File, Format Version 12.00
# Visual Studio Version 17
VisualStudioVersion = 17.1.32421.90
MinimumVisualStudioVersion = 10.0.40219.1
Project("{FAE04EC0-301F-11D3-BF4B-00C04F79EFBC}") = "game3", "game3\game3.csproj", "{57970933-32F5-4E51-8338-44D310B75B55}"
EndProject
Global
	GlobalSection(SolutionConfigurationPlatforms) = preSolution
		Debug|Any CPU = Debug|Any CPU
		Release|Any CPU = Release|Any CPU
	EndGlobalSection
	GlobalSection(ProjectConfigurationPlatforms) = postSolution
		{57970933-32F5-4E51-8338-44D310B75B55}.Debug|Any CPU.ActiveCfg = Debug|Any CPU
		{57970933-32F5-4E51-8338-44D310B75B55}.Debug|Any CPU.Build.0 = Debug|Any CPU
		{57970933-32F5-4E51-8338-44D310B75B55}.Release|Any CPU.ActiveCfg = Release|Any CPU
		{57970933-32F5-4E51-8338-44D310B75B55}.Release|Any CPU.Build.0 = Release|Any CPU
	EndGlobalSection
	GlobalSection(SolutionProperties) = preSolution
		HideSolutionNode = FALSE
	EndGlobalSection
	GlobalSection(ExtensibilityGlobals) = postSolution
		SolutionGuid = {96ADF77B-18FA-4EBA-9300-F59B8DEEE86C}
	EndGlobalSection
EndGlobal
